
Microsoft Visual Studio Solution File, Format Version 12.00
# Visual Studio Version 16
VisualStudioVersion = 16.0.30804.86
MinimumVisualStudioVersion = 10.0.40219.1
Project("{2150E333-8FDC-42A3-9474-1A3956D46DE8}") = "src", "src", "{DF930D02-2626-41B9-AA08-9034C0E23C34}"
EndProject
Project("{2150E333-8FDC-42A3-9474-1A3956D46DE8}") = "Gateways", "Gateways", "{69D87EBB-AFDA-4505-BD6D-2BCAC73769C2}"
EndProject
Project("{2150E333-8FDC-42A3-9474-1A3956D46DE8}") = "Services", "Services", "{16D6208E-961D-43A0-883B-2C78F1B954AE}"
EndProject
Project("{2150E333-8FDC-42A3-9474-1A3956D46DE8}") = "System", "System", "{5C250717-02DC-40C6-A41F-332DDFA241DF}"
EndProject
Project("{2150E333-8FDC-42A3-9474-1A3956D46DE8}") = "Identity", "Identity", "{8C99142D-7254-4B0B-84BC-7C4FD8943B46}"
EndProject
Project("{FAE04EC0-301F-11D3-BF4B-00C04F79EFBC}") = "Iam.Identity.ServiceHost", "src\Services\Identity\Iam.Identity.ServiceHost\Iam.Identity.ServiceHost.csproj", "{5AF0234E-A2AC-483B-82F2-6D6187A79D4F}"
EndProject
Project("{2150E333-8FDC-42A3-9474-1A3956D46DE8}") = "Core", "Core", "{6773CFD9-0E95-4CF2-9821-90DF884AAA6B}"
EndProject
Project("{FAE04EC0-301F-11D3-BF4B-00C04F79EFBC}") = "Iam.System.ServiceHost", "src\Services\System\Iam.System.ServiceHost\Iam.System.ServiceHost.csproj", "{F6B2061D-C508-4ABA-85DF-D23F6AD29E2C}"
EndProject
Project("{FAE04EC0-301F-11D3-BF4B-00C04F79EFBC}") = "Iam.Core", "src\Core\Iam.Core\Iam.Core.csproj", "{F05F7F79-34D5-4AD6-9BB9-80F4AD062C4C}"
EndProject
Project("{FAE04EC0-301F-11D3-BF4B-00C04F79EFBC}") = "Iam.System.Domain", "src\Services\System\Iam.Admin.Domain\Iam.System.Domain.csproj", "{B0BF1BDB-F277-469E-85D5-F046EA901143}"
EndProject
Project("{FAE04EC0-301F-11D3-BF4B-00C04F79EFBC}") = "Iam.System.Application", "src\Services\System\Iam.Admin.Application\Iam.System.Application.csproj", "{3F0F7C60-71D8-427E-A1A5-4623DF962040}"
EndProject
Project("{FAE04EC0-301F-11D3-BF4B-00C04F79EFBC}") = "Iam.System.Infrastructure", "src\Services\System\Iam.Admin.Infrastructure\Iam.System.Infrastructure.csproj", "{D9408BDC-70EE-419C-9071-22A59CE2C0D4}"
EndProject
Project("{FAE04EC0-301F-11D3-BF4B-00C04F79EFBC}") = "Iam.Jwt", "src\Core\Iam.Jwt\Iam.Jwt.csproj", "{1D85F49D-927F-4CD8-BB8E-33DF9CB23BAD}"
EndProject
Global
	GlobalSection(SolutionConfigurationPlatforms) = preSolution
		Debug|Any CPU = Debug|Any CPU
		Release|Any CPU = Release|Any CPU
	EndGlobalSection
	GlobalSection(ProjectConfigurationPlatforms) = postSolution
		{5AF0234E-A2AC-483B-82F2-6D6187A79D4F}.Debug|Any CPU.ActiveCfg = Debug|Any CPU
		{5AF0234E-A2AC-483B-82F2-6D6187A79D4F}.Debug|Any CPU.Build.0 = Debug|Any CPU
		{5AF0234E-A2AC-483B-82F2-6D6187A79D4F}.Release|Any CPU.ActiveCfg = Release|Any CPU
		{5AF0234E-A2AC-483B-82F2-6D6187A79D4F}.Release|Any CPU.Build.0 = Release|Any CPU
		{F6B2061D-C508-4ABA-85DF-D23F6AD29E2C}.Debug|Any CPU.ActiveCfg = Debug|Any CPU
		{F6B2061D-C508-4ABA-85DF-D23F6AD29E2C}.Debug|Any CPU.Build.0 = Debug|Any CPU
		{F6B2061D-C508-4ABA-85DF-D23F6AD29E2C}.Release|Any CPU.ActiveCfg = Release|Any CPU
		{F6B2061D-C508-4ABA-85DF-D23F6AD29E2C}.Release|Any CPU.Build.0 = Release|Any CPU
		{F05F7F79-34D5-4AD6-9BB9-80F4AD062C4C}.Debug|Any CPU.ActiveCfg = Debug|Any CPU
		{F05F7F79-34D5-4AD6-9BB9-80F4AD062C4C}.Debug|Any CPU.Build.0 = Debug|Any CPU
		{F05F7F79-34D5-4AD6-9BB9-80F4AD062C4C}.Release|Any CPU.ActiveCfg = Release|Any CPU
		{F05F7F79-34D5-4AD6-9BB9-80F4AD062C4C}.Release|Any CPU.Build.0 = Release|Any CPU
		{B0BF1BDB-F277-469E-85D5-F046EA901143}.Debug|Any CPU.ActiveCfg = Debug|Any CPU
		{B0BF1BDB-F277-469E-85D5-F046EA901143}.Debug|Any CPU.Build.0 = Debug|Any CPU
		{B0BF1BDB-F277-469E-85D5-F046EA901143}.Release|Any CPU.ActiveCfg = Release|Any CPU
		{B0BF1BDB-F277-469E-85D5-F046EA901143}.Release|Any CPU.Build.0 = Release|Any CPU
		{3F0F7C60-71D8-427E-A1A5-4623DF962040}.Debug|Any CPU.ActiveCfg = Debug|Any CPU
		{3F0F7C60-71D8-427E-A1A5-4623DF962040}.Debug|Any CPU.Build.0 = Debug|Any CPU
		{3F0F7C60-71D8-427E-A1A5-4623DF962040}.Release|Any CPU.ActiveCfg = Release|Any CPU
		{3F0F7C60-71D8-427E-A1A5-4623DF962040}.Release|Any CPU.Build.0 = Release|Any CPU
		{D9408BDC-70EE-419C-9071-22A59CE2C0D4}.Debug|Any CPU.ActiveCfg = Debug|Any CPU
		{D9408BDC-70EE-419C-9071-22A59CE2C0D4}.Debug|Any CPU.Build.0 = Debug|Any CPU
		{D9408BDC-70EE-419C-9071-22A59CE2C0D4}.Release|Any CPU.ActiveCfg = Release|Any CPU
		{D9408BDC-70EE-419C-9071-22A59CE2C0D4}.Release|Any CPU.Build.0 = Release|Any CPU
		{1D85F49D-927F-4CD8-BB8E-33DF9CB23BAD}.Debug|Any CPU.ActiveCfg = Debug|Any CPU
		{1D85F49D-927F-4CD8-BB8E-33DF9CB23BAD}.Debug|Any CPU.Build.0 = Debug|Any CPU
		{1D85F49D-927F-4CD8-BB8E-33DF9CB23BAD}.Release|Any CPU.ActiveCfg = Release|Any CPU
		{1D85F49D-927F-4CD8-BB8E-33DF9CB23BAD}.Release|Any CPU.Build.0 = Release|Any CPU
	EndGlobalSection
	GlobalSection(SolutionProperties) = preSolution
		HideSolutionNode = FALSE
	EndGlobalSection
	GlobalSection(NestedProjects) = preSolution
		{69D87EBB-AFDA-4505-BD6D-2BCAC73769C2} = {DF930D02-2626-41B9-AA08-9034C0E23C34}
		{16D6208E-961D-43A0-883B-2C78F1B954AE} = {DF930D02-2626-41B9-AA08-9034C0E23C34}
		{5C250717-02DC-40C6-A41F-332DDFA241DF} = {16D6208E-961D-43A0-883B-2C78F1B954AE}
		{8C99142D-7254-4B0B-84BC-7C4FD8943B46} = {16D6208E-961D-43A0-883B-2C78F1B954AE}
		{5AF0234E-A2AC-483B-82F2-6D6187A79D4F} = {8C99142D-7254-4B0B-84BC-7C4FD8943B46}
		{6773CFD9-0E95-4CF2-9821-90DF884AAA6B} = {DF930D02-2626-41B9-AA08-9034C0E23C34}
		{F6B2061D-C508-4ABA-85DF-D23F6AD29E2C} = {5C250717-02DC-40C6-A41F-332DDFA241DF}
		{F05F7F79-34D5-4AD6-9BB9-80F4AD062C4C} = {6773CFD9-0E95-4CF2-9821-90DF884AAA6B}
		{B0BF1BDB-F277-469E-85D5-F046EA901143} = {5C250717-02DC-40C6-A41F-332DDFA241DF}
		{3F0F7C60-71D8-427E-A1A5-4623DF962040} = {5C250717-02DC-40C6-A41F-332DDFA241DF}
		{D9408BDC-70EE-419C-9071-22A59CE2C0D4} = {5C250717-02DC-40C6-A41F-332DDFA241DF}
		{1D85F49D-927F-4CD8-BB8E-33DF9CB23BAD} = {6773CFD9-0E95-4CF2-9821-90DF884AAA6B}
	EndGlobalSection
	GlobalSection(ExtensibilityGlobals) = postSolution
		SolutionGuid = {CFE33178-890D-4EA2-893B-1003212EA516}
	EndGlobalSection
EndGlobal
